
Microsoft Visual Studio Solution File, Format Version 12.00
# Visual Studio Version 17
VisualStudioVersion = 17.4.33213.308
MinimumVisualStudioVersion = 10.0.40219.1
Project("{FAE04EC0-301F-11D3-BF4B-00C04F79EFBC}") = "ExceptionMiddleware", "ExceptionMiddleware\ExceptionMiddleware.csproj", "{C81374F0-68C9-4E7A-B2B0-8EC5D3BCED78}"
EndProject
Global
	GlobalSection(SolutionConfigurationPlatforms) = preSolution
		Debug|Any CPU = Debug|Any CPU
		Release|Any CPU = Release|Any CPU
	EndGlobalSection
	GlobalSection(ProjectConfigurationPlatforms) = postSolution
		{C81374F0-68C9-4E7A-B2B0-8EC5D3BCED78}.Debug|Any CPU.ActiveCfg = Debug|Any CPU
		{C81374F0-68C9-4E7A-B2B0-8EC5D3BCED78}.Debug|Any CPU.Build.0 = Debug|Any CPU
		{C81374F0-68C9-4E7A-B2B0-8EC5D3BCED78}.Release|Any CPU.ActiveCfg = Release|Any CPU
		{C81374F0-68C9-4E7A-B2B0-8EC5D3BCED78}.Release|Any CPU.Build.0 = Release|Any CPU
	EndGlobalSection
	GlobalSection(SolutionProperties) = preSolution
		HideSolutionNode = FALSE
	EndGlobalSection
	GlobalSection(ExtensibilityGlobals) = postSolution
		SolutionGuid = {0E958154-57DF-4A10-A4DB-23B640E656F1}
	EndGlobalSection
EndGlobal
